// !$*UTF8*$!
{
	archiveVersion = 1;
	classes = {
	};
	objectVersion = 50;
	objects = {

/* Begin PBXBuildFile section */
		1053D099211F0CF20064B5BB /* RocketNode.swift in Sources */ = {isa = PBXBuildFile; fileRef = 1053D098211F0CF20064B5BB /* RocketNode.swift */; };
		1053D09F211F165D0064B5BB /* thrust.m4a in Resources */ = {isa = PBXBuildFile; fileRef = 1053D09E211F165D0064B5BB /* thrust.m4a */; };
		1053D0A5211F1A4B0064B5BB /* BackgroundTiles.sks in Resources */ = {isa = PBXBuildFile; fileRef = 1053D0A4211F1A4B0064B5BB /* BackgroundTiles.sks */; };
		1053D0A7211F21F80064B5BB /* SKTileMapNode Scroll Extension.swift in Sources */ = {isa = PBXBuildFile; fileRef = 1053D0A6211F21F80064B5BB /* SKTileMapNode Scroll Extension.swift */; };
		10C25FEF211DCF5C0005DA43 /* AppDelegate.swift in Sources */ = {isa = PBXBuildFile; fileRef = 10C25FEE211DCF5C0005DA43 /* AppDelegate.swift */; };
		10C25FF1211DCF5C0005DA43 /* GameScene.sks in Resources */ = {isa = PBXBuildFile; fileRef = 10C25FF0211DCF5C0005DA43 /* GameScene.sks */; };
		10C25FF5211DCF5C0005DA43 /* GameScene.swift in Sources */ = {isa = PBXBuildFile; fileRef = 10C25FF4211DCF5C0005DA43 /* GameScene.swift */; };
		10C25FF7211DCF5C0005DA43 /* GameViewController.swift in Sources */ = {isa = PBXBuildFile; fileRef = 10C25FF6211DCF5C0005DA43 /* GameViewController.swift */; };
		10C25FFA211DCF5C0005DA43 /* Main.storyboard in Resources */ = {isa = PBXBuildFile; fileRef = 10C25FF8211DCF5C0005DA43 /* Main.storyboard */; };
		10C25FFC211DCF5F0005DA43 /* Assets.xcassets in Resources */ = {isa = PBXBuildFile; fileRef = 10C25FFB211DCF5F0005DA43 /* Assets.xcassets */; };
		10C25FFF211DCF5F0005DA43 /* LaunchScreen.storyboard in Resources */ = {isa = PBXBuildFile; fileRef = 10C25FFD211DCF5F0005DA43 /* LaunchScreen.storyboard */; };
		10EF0A7B211DD10D00CF6F28 /* exhaust.sks in Resources */ = {isa = PBXBuildFile; fileRef = 10EF0A7A211DD10D00CF6F28 /* exhaust.sks */; };
/* End PBXBuildFile section */

/* Begin PBXFileReference section */
		1053D098211F0CF20064B5BB /* RocketNode.swift */ = {isa = PBXFileReference; lastKnownFileType = sourcecode.swift; path = RocketNode.swift; sourceTree = "<group>"; };
		1053D09D211F14CF0064B5BB /* Kenney Future Narrow.ttf */ = {isa = PBXFileReference; lastKnownFileType = file; path = "Kenney Future Narrow.ttf"; sourceTree = "<group>"; };
		1053D09E211F165D0064B5BB /* thrust.m4a */ = {isa = PBXFileReference; lastKnownFileType = file; path = thrust.m4a; sourceTree = "<group>"; };
		1053D0A4211F1A4B0064B5BB /* BackgroundTiles.sks */ = {isa = PBXFileReference; lastKnownFileType = file.sks; path = BackgroundTiles.sks; sourceTree = "<group>"; };
		1053D0A6211F21F80064B5BB /* SKTileMapNode Scroll Extension.swift */ = {isa = PBXFileReference; lastKnownFileType = sourcecode.swift; path = "SKTileMapNode Scroll Extension.swift"; sourceTree = "<group>"; };
		10C25FEB211DCF5C0005DA43 /* RocketMan.app */ = {isa = PBXFileReference; explicitFileType = wrapper.application; includeInIndex = 0; path = RocketMan.app; sourceTree = BUILT_PRODUCTS_DIR; };
		10C25FEE211DCF5C0005DA43 /* AppDelegate.swift */ = {isa = PBXFileReference; lastKnownFileType = sourcecode.swift; path = AppDelegate.swift; sourceTree = "<group>"; };
		10C25FF0211DCF5C0005DA43 /* GameScene.sks */ = {isa = PBXFileReference; lastKnownFileType = file.sks; path = GameScene.sks; sourceTree = "<group>"; };
		10C25FF4211DCF5C0005DA43 /* GameScene.swift */ = {isa = PBXFileReference; lastKnownFileType = sourcecode.swift; path = GameScene.swift; sourceTree = "<group>"; };
		10C25FF6211DCF5C0005DA43 /* GameViewController.swift */ = {isa = PBXFileReference; lastKnownFileType = sourcecode.swift; path = GameViewController.swift; sourceTree = "<group>"; };
		10C25FF9211DCF5C0005DA43 /* Base */ = {isa = PBXFileReference; lastKnownFileType = file.storyboard; name = Base; path = Base.lproj/Main.storyboard; sourceTree = "<group>"; };
		10C25FFB211DCF5F0005DA43 /* Assets.xcassets */ = {isa = PBXFileReference; lastKnownFileType = folder.assetcatalog; path = Assets.xcassets; sourceTree = "<group>"; };
		10C25FFE211DCF5F0005DA43 /* Base */ = {isa = PBXFileReference; lastKnownFileType = file.storyboard; name = Base; path = Base.lproj/LaunchScreen.storyboard; sourceTree = "<group>"; };
		10C26000211DCF5F0005DA43 /* Info.plist */ = {isa = PBXFileReference; lastKnownFileType = text.plist.xml; path = Info.plist; sourceTree = "<group>"; };
		10EF0A7A211DD10D00CF6F28 /* exhaust.sks */ = {isa = PBXFileReference; lastKnownFileType = file.sks; path = exhaust.sks; sourceTree = "<group>"; };
/* End PBXFileReference section */

/* Begin PBXFrameworksBuildPhase section */
		10C25FE8211DCF5C0005DA43 /* Frameworks */ = {
			isa = PBXFrameworksBuildPhase;
			buildActionMask = 2147483647;
			files = (
			);
			runOnlyForDeploymentPostprocessing = 0;
		};
/* End PBXFrameworksBuildPhase section */

/* Begin PBXGroup section */
		1053D094211F0C5F0064B5BB /* Controller + Scene */ = {
			isa = PBXGroup;
			children = (
				1053D097211F0CC60064B5BB /* GameScene */,
				10C25FF6211DCF5C0005DA43 /* GameViewController.swift */,
			);
			path = "Controller + Scene";
			sourceTree = "<group>";
		};
		1053D095211F0C6D0064B5BB /* View */ = {
			isa = PBXGroup;
			children = (
			);
			path = View;
			sourceTree = "<group>";
		};
		1053D096211F0C750064B5BB /* Model */ = {
			isa = PBXGroup;
			children = (
				1053D098211F0CF20064B5BB /* RocketNode.swift */,
			);
			path = Model;
			sourceTree = "<group>";
		};
		1053D097211F0CC60064B5BB /* GameScene */ = {
			isa = PBXGroup;
			children = (
				10C25FF0211DCF5C0005DA43 /* GameScene.sks */,
				10C25FF4211DCF5C0005DA43 /* GameScene.swift */,
			);
			path = GameScene;
			sourceTree = "<group>";
		};
		1053D09B211F14AC0064B5BB /* Content */ = {
			isa = PBXGroup;
			children = (
				10EF0A7A211DD10D00CF6F28 /* exhaust.sks */,
				1053D09E211F165D0064B5BB /* thrust.m4a */,
				1053D0A4211F1A4B0064B5BB /* BackgroundTiles.sks */,
			);
			path = Content;
			sourceTree = "<group>";
		};
		1053D09C211F14BE0064B5BB /* Font */ = {
			isa = PBXGroup;
			children = (
				1053D09D211F14CF0064B5BB /* Kenney Future Narrow.ttf */,
			);
			path = Font;
			sourceTree = "<group>";
		};
		1053D0A8211F24540064B5BB /* Extensions */ = {
			isa = PBXGroup;
			children = (
				1053D0A6211F21F80064B5BB /* SKTileMapNode Scroll Extension.swift */,
			);
			path = Extensions;
			sourceTree = "<group>";
		};
		10C25FE2211DCF5C0005DA43 = {
			isa = PBXGroup;
			children = (
				10C25FED211DCF5C0005DA43 /* RocketMan */,
				10C25FEC211DCF5C0005DA43 /* Products */,
			);
			sourceTree = "<group>";
		};
		10C25FEC211DCF5C0005DA43 /* Products */ = {
			isa = PBXGroup;
			children = (
				10C25FEB211DCF5C0005DA43 /* RocketMan.app */,
			);
			name = Products;
			sourceTree = "<group>";
		};
		10C25FED211DCF5C0005DA43 /* RocketMan */ = {
			isa = PBXGroup;
			children = (
				1053D0A8211F24540064B5BB /* Extensions */,
				1053D09C211F14BE0064B5BB /* Font */,
				1053D09B211F14AC0064B5BB /* Content */,
				1053D096211F0C750064B5BB /* Model */,
				1053D095211F0C6D0064B5BB /* View */,
				1053D094211F0C5F0064B5BB /* Controller + Scene */,
				10C25FEE211DCF5C0005DA43 /* AppDelegate.swift */,
				10C25FF8211DCF5C0005DA43 /* Main.storyboard */,
				10C25FFB211DCF5F0005DA43 /* Assets.xcassets */,
				10C25FFD211DCF5F0005DA43 /* LaunchScreen.storyboard */,
				10C26000211DCF5F0005DA43 /* Info.plist */,
			);
			path = RocketMan;
			sourceTree = "<group>";
		};
/* End PBXGroup section */

/* Begin PBXNativeTarget section */
		10C25FEA211DCF5C0005DA43 /* RocketMan */ = {
			isa = PBXNativeTarget;
			buildConfigurationList = 10C26003211DCF5F0005DA43 /* Build configuration list for PBXNativeTarget "RocketMan" */;
			buildPhases = (
				10C25FE7211DCF5C0005DA43 /* Sources */,
				10C25FE8211DCF5C0005DA43 /* Frameworks */,
				10C25FE9211DCF5C0005DA43 /* Resources */,
			);
			buildRules = (
			);
			dependencies = (
			);
			name = RocketMan;
			productName = RocketMan;
			productReference = 10C25FEB211DCF5C0005DA43 /* RocketMan.app */;
			productType = "com.apple.product-type.application";
		};
/* End PBXNativeTarget section */

/* Begin PBXProject section */
		10C25FE3211DCF5C0005DA43 /* Project object */ = {
			isa = PBXProject;
			attributes = {
				LastSwiftUpdateCheck = 0940;
				LastUpgradeCheck = 0940;
				ORGANIZATIONNAME = "Drew Lanning";
				TargetAttributes = {
					10C25FEA211DCF5C0005DA43 = {
						CreatedOnToolsVersion = 9.4.1;
					};
				};
			};
			buildConfigurationList = 10C25FE6211DCF5C0005DA43 /* Build configuration list for PBXProject "RocketMan" */;
			compatibilityVersion = "Xcode 9.3";
			developmentRegion = en;
			hasScannedForEncodings = 0;
			knownRegions = (
				en,
				Base,
			);
			mainGroup = 10C25FE2211DCF5C0005DA43;
			productRefGroup = 10C25FEC211DCF5C0005DA43 /* Products */;
			projectDirPath = "";
			projectRoot = "";
			targets = (
				10C25FEA211DCF5C0005DA43 /* RocketMan */,
			);
		};
/* End PBXProject section */

/* Begin PBXResourcesBuildPhase section */
		10C25FE9211DCF5C0005DA43 /* Resources */ = {
			isa = PBXResourcesBuildPhase;
			buildActionMask = 2147483647;
			files = (
				10C25FFA211DCF5C0005DA43 /* Main.storyboard in Resources */,
				10EF0A7B211DD10D00CF6F28 /* exhaust.sks in Resources */,
				1053D0A5211F1A4B0064B5BB /* BackgroundTiles.sks in Resources */,
				1053D09F211F165D0064B5BB /* thrust.m4a in Resources */,
				10C25FF1211DCF5C0005DA43 /* GameScene.sks in Resources */,
				10C25FFC211DCF5F0005DA43 /* Assets.xcassets in Resources */,
				10C25FFF211DCF5F0005DA43 /* LaunchScreen.storyboard in Resources */,
			);
			runOnlyForDeploymentPostprocessing = 0;
		};
/* End PBXResourcesBuildPhase section */

/* Begin PBXSourcesBuildPhase section */
		10C25FE7211DCF5C0005DA43 /* Sources */ = {
			isa = PBXSourcesBuildPhase;
			buildActionMask = 2147483647;
			files = (
				10C25FF5211DCF5C0005DA43 /* GameScene.swift in Sources */,
				1053D099211F0CF20064B5BB /* RocketNode.swift in Sources */,
				10C25FF7211DCF5C0005DA43 /* GameViewController.swift in Sources */,
				10C25FEF211DCF5C0005DA43 /* AppDelegate.swift in Sources */,
				1053D0A7211F21F80064B5BB /* SKTileMapNode Scroll Extension.swift in Sources */,
			);
			runOnlyForDeploymentPostprocessing = 0;
		};
/* End PBXSourcesBuildPhase section */

/* Begin PBXVariantGroup section */
		10C25FF8211DCF5C0005DA43 /* Main.storyboard */ = {
			isa = PBXVariantGroup;
			children = (
				10C25FF9211DCF5C0005DA43 /* Base */,
			);
			name = Main.storyboard;
			sourceTree = "<group>";
		};
		10C25FFD211DCF5F0005DA43 /* LaunchScreen.storyboard */ = {
			isa = PBXVariantGroup;
			children = (
				10C25FFE211DCF5F0005DA43 /* Base */,
			);
			name = LaunchScreen.storyboard;
			sourceTree = "<group>";
		};
/* End PBXVariantGroup section */

/* Begin XCBuildConfiguration section */
		10C26001211DCF5F0005DA43 /* Debug */ = {
			isa = XCBuildConfiguration;
			buildSettings = {
				ALWAYS_SEARCH_USER_PATHS = NO;
				CLANG_ANALYZER_NONNULL = YES;
				CLANG_ANALYZER_NUMBER_OBJECT_CONVERSION = YES_AGGRESSIVE;
				CLANG_CXX_LANGUAGE_STANDARD = "gnu++14";
				CLANG_CXX_LIBRARY = "libc++";
				CLANG_ENABLE_MODULES = YES;
				CLANG_ENABLE_OBJC_ARC = YES;
				CLANG_ENABLE_OBJC_WEAK = YES;
				CLANG_WARN_BLOCK_CAPTURE_AUTORELEASING = YES;
				CLANG_WARN_BOOL_CONVERSION = YES;
				CLANG_WARN_COMMA = YES;
				CLANG_WARN_CONSTANT_CONVERSION = YES;
				CLANG_WARN_DEPRECATED_OBJC_IMPLEMENTATIONS = YES;
				CLANG_WARN_DIRECT_OBJC_ISA_USAGE = YES_ERROR;
				CLANG_WARN_DOCUMENTATION_COMMENTS = YES;
				CLANG_WARN_EMPTY_BODY = YES;
				CLANG_WARN_ENUM_CONVERSION = YES;
				CLANG_WARN_INFINITE_RECURSION = YES;
				CLANG_WARN_INT_CONVERSION = YES;
				CLANG_WARN_NON_LITERAL_NULL_CONVERSION = YES;
				CLANG_WARN_OBJC_IMPLICIT_RETAIN_SELF = YES;
				CLANG_WARN_OBJC_LITERAL_CONVERSION = YES;
				CLANG_WARN_OBJC_ROOT_CLASS = YES_ERROR;
				CLANG_WARN_RANGE_LOOP_ANALYSIS = YES;
				CLANG_WARN_STRICT_PROTOTYPES = YES;
				CLANG_WARN_SUSPICIOUS_MOVE = YES;
				CLANG_WARN_UNGUARDED_AVAILABILITY = YES_AGGRESSIVE;
				CLANG_WARN_UNREACHABLE_CODE = YES;
				CLANG_WARN__DUPLICATE_METHOD_MATCH = YES;
				CODE_SIGN_IDENTITY = "iPhone Developer";
				COPY_PHASE_STRIP = NO;
				DEBUG_INFORMATION_FORMAT = dwarf;
				ENABLE_STRICT_OBJC_MSGSEND = YES;
				ENABLE_TESTABILITY = YES;
				GCC_C_LANGUAGE_STANDARD = gnu11;
				GCC_DYNAMIC_NO_PIC = NO;
				GCC_NO_COMMON_BLOCKS = YES;
				GCC_OPTIMIZATION_LEVEL = 0;
				GCC_PREPROCESSOR_DEFINITIONS = (
					"DEBUG=1",
					"$(inherited)",
				);
				GCC_WARN_64_TO_32_BIT_CONVERSION = YES;
				GCC_WARN_ABOUT_RETURN_TYPE = YES_ERROR;
				GCC_WARN_UNDECLARED_SELECTOR = YES;
				GCC_WARN_UNINITIALIZED_AUTOS = YES_AGGRESSIVE;
				GCC_WARN_UNUSED_FUNCTION = YES;
				GCC_WARN_UNUSED_VARIABLE = YES;
				IPHONEOS_DEPLOYMENT_TARGET = 11.4;
				MTL_ENABLE_DEBUG_INFO = YES;
				ONLY_ACTIVE_ARCH = YES;
				SDKROOT = iphoneos;
				SWIFT_ACTIVE_COMPILATION_CONDITIONS = DEBUG;
				SWIFT_OPTIMIZATION_LEVEL = "-Onone";
			};
			name = Debug;
		};
		10C26002211DCF5F0005DA43 /* Release */ = {
			isa = XCBuildConfiguration;
			buildSettings = {
				ALWAYS_SEARCH_USER_PATHS = NO;
				CLANG_ANALYZER_NONNULL = YES;
				CLANG_ANALYZER_NUMBER_OBJECT_CONVERSION = YES_AGGRESSIVE;
				CLANG_CXX_LANGUAGE_STANDARD = "gnu++14";
				CLANG_CXX_LIBRARY = "libc++";
				CLANG_ENABLE_MODULES = YES;
				CLANG_ENABLE_OBJC_ARC = YES;
				CLANG_ENABLE_OBJC_WEAK = YES;
				CLANG_WARN_BLOCK_CAPTURE_AUTORELEASING = YES;
				CLANG_WARN_BOOL_CONVERSION = YES;
				CLANG_WARN_COMMA = YES;
				CLANG_WARN_CONSTANT_CONVERSION = YES;
				CLANG_WARN_DEPRECATED_OBJC_IMPLEMENTATIONS = YES;
				CLANG_WARN_DIRECT_OBJC_ISA_USAGE = YES_ERROR;
				CLANG_WARN_DOCUMENTATION_COMMENTS = YES;
				CLANG_WARN_EMPTY_BODY = YES;
				CLANG_WARN_ENUM_CONVERSION = YES;
				CLANG_WARN_INFINITE_RECURSION = YES;
				CLANG_WARN_INT_CONVERSION = YES;
				CLANG_WARN_NON_LITERAL_NULL_CONVERSION = YES;
				CLANG_WARN_OBJC_IMPLICIT_RETAIN_SELF = YES;
				CLANG_WARN_OBJC_LITERAL_CONVERSION = YES;
				CLANG_WARN_OBJC_ROOT_CLASS = YES_ERROR;
				CLANG_WARN_RANGE_LOOP_ANALYSIS = YES;
				CLANG_WARN_STRICT_PROTOTYPES = YES;
				CLANG_WARN_SUSPICIOUS_MOVE = YES;
				CLANG_WARN_UNGUARDED_AVAILABILITY = YES_AGGRESSIVE;
				CLANG_WARN_UNREACHABLE_CODE = YES;
				CLANG_WARN__DUPLICATE_METHOD_MATCH = YES;
				CODE_SIGN_IDENTITY = "iPhone Developer";
				COPY_PHASE_STRIP = NO;
				DEBUG_INFORMATION_FORMAT = "dwarf-with-dsym";
				ENABLE_NS_ASSERTIONS = NO;
				ENABLE_STRICT_OBJC_MSGSEND = YES;
				GCC_C_LANGUAGE_STANDARD = gnu11;
				GCC_NO_COMMON_BLOCKS = YES;
				GCC_WARN_64_TO_32_BIT_CONVERSION = YES;
				GCC_WARN_ABOUT_RETURN_TYPE = YES_ERROR;
				GCC_WARN_UNDECLARED_SELECTOR = YES;
				GCC_WARN_UNINITIALIZED_AUTOS = YES_AGGRESSIVE;
				GCC_WARN_UNUSED_FUNCTION = YES;
				GCC_WARN_UNUSED_VARIABLE = YES;
				IPHONEOS_DEPLOYMENT_TARGET = 11.4;
				MTL_ENABLE_DEBUG_INFO = NO;
				SDKROOT = iphoneos;
				SWIFT_COMPILATION_MODE = wholemodule;
				SWIFT_OPTIMIZATION_LEVEL = "-O";
				VALIDATE_PRODUCT = YES;
			};
			name = Release;
		};
		10C26004211DCF5F0005DA43 /* Debug */ = {
			isa = XCBuildConfiguration;
			buildSettings = {
				ASSETCATALOG_COMPILER_APPICON_NAME = AppIcon;
				CODE_SIGN_STYLE = Automatic;
				DEVELOPMENT_TEAM = TFEDY5M56J;
				INFOPLIST_FILE = RocketMan/Info.plist;
				LD_RUNPATH_SEARCH_PATHS = (
					"$(inherited)",
					"@executable_path/Frameworks",
				);
				PRODUCT_BUNDLE_IDENTIFIER = com.example.RocketMan;
				PRODUCT_NAME = "$(TARGET_NAME)";
				SWIFT_VERSION = 4.0;
				TARGETED_DEVICE_FAMILY = "1,2";
			};
			name = Debug;
		};
		10C26005211DCF5F0005DA43 /* Release */ = {
			isa = XCBuildConfiguration;
			buildSettings = {
				ASSETCATALOG_COMPILER_APPICON_NAME = AppIcon;
				CODE_SIGN_STYLE = Automatic;
				DEVELOPMENT_TEAM = TFEDY5M56J;
				INFOPLIST_FILE = RocketMan/Info.plist;
				LD_RUNPATH_SEARCH_PATHS = (
					"$(inherited)",
					"@executable_path/Frameworks",
				);
				PRODUCT_BUNDLE_IDENTIFIER = com.example.RocketMan;
				PRODUCT_NAME = "$(TARGET_NAME)";
				SWIFT_VERSION = 4.0;
				TARGETED_DEVICE_FAMILY = "1,2";
			};
			name = Release;
		};
/* End XCBuildConfiguration section */

/* Begin XCConfigurationList section */
		10C25FE6211DCF5C0005DA43 /* Build configuration list for PBXProject "RocketMan" */ = {
			isa = XCConfigurationList;
			buildConfigurations = (
				10C26001211DCF5F0005DA43 /* Debug */,
				10C26002211DCF5F0005DA43 /* Release */,
			);
			defaultConfigurationIsVisible = 0;
			defaultConfigurationName = Release;
		};
		10C26003211DCF5F0005DA43 /* Build configuration list for PBXNativeTarget "RocketMan" */ = {
			isa = XCConfigurationList;
			buildConfigurations = (
				10C26004211DCF5F0005DA43 /* Debug */,
				10C26005211DCF5F0005DA43 /* Release */,
			);
			defaultConfigurationIsVisible = 0;
			defaultConfigurationName = Release;
		};
/* End XCConfigurationList section */
	};
	rootObject = 10C25FE3211DCF5C0005DA43 /* Project object */;
}
